
Microsoft Visual Studio Solution File, Format Version 12.00
# Visual Studio Version 16
VisualStudioVersion = 16.0.32106.194
MinimumVisualStudioVersion = 10.0.40219.1
Project("{9A19103F-16F7-4668-BE54-9A1E7A4F7556}") = "FirstEntityProject", "FirstEntityProject\FirstEntityProject.csproj", "{1451B557-541B-4310-9FAE-220C20992F61}"
EndProject
Project("{9A19103F-16F7-4668-BE54-9A1E7A4F7556}") = "EfFirstLibrary", "EfFirstLibrary\EfFirstLibrary.csproj", "{9202575D-CA9E-4A62-8368-59CFA3C953F9}"
EndProject
Global
	GlobalSection(SolutionConfigurationPlatforms) = preSolution
		Debug|Any CPU = Debug|Any CPU
		Release|Any CPU = Release|Any CPU
	EndGlobalSection
	GlobalSection(ProjectConfigurationPlatforms) = postSolution
		{1451B557-541B-4310-9FAE-220C20992F61}.Debug|Any CPU.ActiveCfg = Debug|Any CPU
		{1451B557-541B-4310-9FAE-220C20992F61}.Debug|Any CPU.Build.0 = Debug|Any CPU
		{1451B557-541B-4310-9FAE-220C20992F61}.Release|Any CPU.ActiveCfg = Release|Any CPU
		{1451B557-541B-4310-9FAE-220C20992F61}.Release|Any CPU.Build.0 = Release|Any CPU
		{9202575D-CA9E-4A62-8368-59CFA3C953F9}.Debug|Any CPU.ActiveCfg = Debug|Any CPU
		{9202575D-CA9E-4A62-8368-59CFA3C953F9}.Debug|Any CPU.Build.0 = Debug|Any CPU
		{9202575D-CA9E-4A62-8368-59CFA3C953F9}.Release|Any CPU.ActiveCfg = Release|Any CPU
		{9202575D-CA9E-4A62-8368-59CFA3C953F9}.Release|Any CPU.Build.0 = Release|Any CPU
	EndGlobalSection
	GlobalSection(SolutionProperties) = preSolution
		HideSolutionNode = FALSE
	EndGlobalSection
	GlobalSection(ExtensibilityGlobals) = postSolution
		SolutionGuid = {F1492818-27B4-434A-9818-45D8AD178038}
	EndGlobalSection
EndGlobal
